
Microsoft Visual Studio Solution File, Format Version 12.00
# Visual Studio Version 17
VisualStudioVersion = 17.7.33927.210
MinimumVisualStudioVersion = 10.0.40219.1
Project("{FAE04EC0-301F-11D3-BF4B-00C04F79EFBC}") = "C#", "C#\C#.csproj", "{AFD22F41-03A7-46EE-ADBB-4944B5A94AAE}"
EndProject
Global
	GlobalSection(SolutionConfigurationPlatforms) = preSolution
		Debug|Any CPU = Debug|Any CPU
		Release|Any CPU = Release|Any CPU
	EndGlobalSection
	GlobalSection(ProjectConfigurationPlatforms) = postSolution
		{AFD22F41-03A7-46EE-ADBB-4944B5A94AAE}.Debug|Any CPU.ActiveCfg = Debug|Any CPU
		{AFD22F41-03A7-46EE-ADBB-4944B5A94AAE}.Debug|Any CPU.Build.0 = Debug|Any CPU
		{AFD22F41-03A7-46EE-ADBB-4944B5A94AAE}.Release|Any CPU.ActiveCfg = Release|Any CPU
		{AFD22F41-03A7-46EE-ADBB-4944B5A94AAE}.Release|Any CPU.Build.0 = Release|Any CPU
	EndGlobalSection
	GlobalSection(SolutionProperties) = preSolution
		HideSolutionNode = FALSE
	EndGlobalSection
	GlobalSection(ExtensibilityGlobals) = postSolution
		SolutionGuid = {18221C83-F685-4241-A61F-90DCF791D71E}
	EndGlobalSection
EndGlobal
